{
  "name": "Paranoia8972",
  "lockfileVersion": 3,
  "requires": true,
  "packages": {
    "": {
      "devDependencies": {
        "@types/rss": "^0.0.32"
      }
    },
    "node_modules/@types/rss": {
      "version": "0.0.32",
      "resolved": "https://registry.npmjs.org/@types/rss/-/rss-0.0.32.tgz",
      "integrity": "sha512-2oKNqKyUY4RSdvl5eZR1n2Q9yvw3XTe3mQHsFPn9alaNBxfPnbXBtGP8R0SV8pK1PrVnLul0zx7izbm5/gF5Qw==",
      "dev": true
    }
  }
}
